// !$*UTF8*$!
{
	archiveVersion = 1;
	classes = {
	};
	objectVersion = 56;
	objects = {

/* Begin PBXBuildFile section */
		5C5FDA032C1BF8A4003DB45F /* PaymentService.swift in Sources */ = {isa = PBXBuildFile; fileRef = 5C5FDA022C1BF8A4003DB45F /* PaymentService.swift */; };
		5C5FDA052C1C128A003DB45F /* PaymentConfirmationView.swift in Sources */ = {isa = PBXBuildFile; fileRef = 5C5FDA042C1C128A003DB45F /* PaymentConfirmationView.swift */; };
		5C5FDA072C1C12B4003DB45F /* Item.swift in Sources */ = {isa = PBXBuildFile; fileRef = 5C5FDA062C1C12B4003DB45F /* Item.swift */; };
		5C5FDA0B2C1C3D6A003DB45F /* UserProfile.swift in Sources */ = {isa = PBXBuildFile; fileRef = 5C5FDA0A2C1C3D6A003DB45F /* UserProfile.swift */; };
		5C5FDA0E2C1C5425003DB45F /* PaymentConfirmationState.swift in Sources */ = {isa = PBXBuildFile; fileRef = 5C5FDA0D2C1C5425003DB45F /* PaymentConfirmationState.swift */; };
		5CB11DB62C19BCF500F033BF /* Strategy_SwiftUIApp.swift in Sources */ = {isa = PBXBuildFile; fileRef = 5CB11DB52C19BCF500F033BF /* Strategy_SwiftUIApp.swift */; };
		5CB11DB82C19BCF500F033BF /* ContentView.swift in Sources */ = {isa = PBXBuildFile; fileRef = 5CB11DB72C19BCF500F033BF /* ContentView.swift */; };
		5CB11DBA2C19BCF800F033BF /* Assets.xcassets in Resources */ = {isa = PBXBuildFile; fileRef = 5CB11DB92C19BCF800F033BF /* Assets.xcassets */; };
		5CB11DBE2C19BCF800F033BF /* Preview Assets.xcassets in Resources */ = {isa = PBXBuildFile; fileRef = 5CB11DBD2C19BCF800F033BF /* Preview Assets.xcassets */; };
		5CB11DC62C1A94FC00F033BF /* PaymentOptionsView.swift in Sources */ = {isa = PBXBuildFile; fileRef = 5CB11DC52C1A94FC00F033BF /* PaymentOptionsView.swift */; };
		5CB11DC92C1A951700F033BF /* PaymentOptionsState.swift in Sources */ = {isa = PBXBuildFile; fileRef = 5CB11DC82C1A951700F033BF /* PaymentOptionsState.swift */; };
		5CB11DCC2C1A954400F033BF /* PaymentBusiness.swift in Sources */ = {isa = PBXBuildFile; fileRef = 5CB11DCB2C1A954400F033BF /* PaymentBusiness.swift */; };
		5CB11DD22C1A98D500F033BF /* UPIPaymentService.swift in Sources */ = {isa = PBXBuildFile; fileRef = 5CB11DD12C1A98D500F033BF /* UPIPaymentService.swift */; };
		5CB11DD42C1A98EB00F033BF /* NetBankingPaymentService.swift in Sources */ = {isa = PBXBuildFile; fileRef = 5CB11DD32C1A98EB00F033BF /* NetBankingPaymentService.swift */; };
		5CB11DD62C1A98FD00F033BF /* ApplePayPaymentService.swift in Sources */ = {isa = PBXBuildFile; fileRef = 5CB11DD52C1A98FD00F033BF /* ApplePayPaymentService.swift */; };
/* End PBXBuildFile section */

/* Begin PBXFileReference section */
		5C5FDA022C1BF8A4003DB45F /* PaymentService.swift */ = {isa = PBXFileReference; lastKnownFileType = sourcecode.swift; path = PaymentService.swift; sourceTree = "<group>"; };
		5C5FDA042C1C128A003DB45F /* PaymentConfirmationView.swift */ = {isa = PBXFileReference; lastKnownFileType = sourcecode.swift; path = PaymentConfirmationView.swift; sourceTree = "<group>"; };
		5C5FDA062C1C12B4003DB45F /* Item.swift */ = {isa = PBXFileReference; lastKnownFileType = sourcecode.swift; path = Item.swift; sourceTree = "<group>"; };
		5C5FDA0A2C1C3D6A003DB45F /* UserProfile.swift */ = {isa = PBXFileReference; lastKnownFileType = sourcecode.swift; path = UserProfile.swift; sourceTree = "<group>"; };
		5C5FDA0D2C1C5425003DB45F /* PaymentConfirmationState.swift */ = {isa = PBXFileReference; lastKnownFileType = sourcecode.swift; path = PaymentConfirmationState.swift; sourceTree = "<group>"; };
		5CB11DB22C19BCF500F033BF /* Strategy-SwiftUI.app */ = {isa = PBXFileReference; explicitFileType = wrapper.application; includeInIndex = 0; path = "Strategy-SwiftUI.app"; sourceTree = BUILT_PRODUCTS_DIR; };
		5CB11DB52C19BCF500F033BF /* Strategy_SwiftUIApp.swift */ = {isa = PBXFileReference; lastKnownFileType = sourcecode.swift; path = Strategy_SwiftUIApp.swift; sourceTree = "<group>"; };
		5CB11DB72C19BCF500F033BF /* ContentView.swift */ = {isa = PBXFileReference; lastKnownFileType = sourcecode.swift; path = ContentView.swift; sourceTree = "<group>"; };
		5CB11DB92C19BCF800F033BF /* Assets.xcassets */ = {isa = PBXFileReference; lastKnownFileType = folder.assetcatalog; path = Assets.xcassets; sourceTree = "<group>"; };
		5CB11DBB2C19BCF800F033BF /* Strategy_SwiftUI.entitlements */ = {isa = PBXFileReference; lastKnownFileType = text.plist.entitlements; path = Strategy_SwiftUI.entitlements; sourceTree = "<group>"; };
		5CB11DBD2C19BCF800F033BF /* Preview Assets.xcassets */ = {isa = PBXFileReference; lastKnownFileType = folder.assetcatalog; path = "Preview Assets.xcassets"; sourceTree = "<group>"; };
		5CB11DC52C1A94FC00F033BF /* PaymentOptionsView.swift */ = {isa = PBXFileReference; lastKnownFileType = sourcecode.swift; path = PaymentOptionsView.swift; sourceTree = "<group>"; };
		5CB11DC82C1A951700F033BF /* PaymentOptionsState.swift */ = {isa = PBXFileReference; lastKnownFileType = sourcecode.swift; path = PaymentOptionsState.swift; sourceTree = "<group>"; };
		5CB11DCB2C1A954400F033BF /* PaymentBusiness.swift */ = {isa = PBXFileReference; lastKnownFileType = sourcecode.swift; path = PaymentBusiness.swift; sourceTree = "<group>"; };
		5CB11DD12C1A98D500F033BF /* UPIPaymentService.swift */ = {isa = PBXFileReference; lastKnownFileType = sourcecode.swift; path = UPIPaymentService.swift; sourceTree = "<group>"; };
		5CB11DD32C1A98EB00F033BF /* NetBankingPaymentService.swift */ = {isa = PBXFileReference; lastKnownFileType = sourcecode.swift; path = NetBankingPaymentService.swift; sourceTree = "<group>"; };
		5CB11DD52C1A98FD00F033BF /* ApplePayPaymentService.swift */ = {isa = PBXFileReference; lastKnownFileType = sourcecode.swift; path = ApplePayPaymentService.swift; sourceTree = "<group>"; };
/* End PBXFileReference section */

/* Begin PBXFrameworksBuildPhase section */
		5CB11DAF2C19BCF500F033BF /* Frameworks */ = {
			isa = PBXFrameworksBuildPhase;
			buildActionMask = 2147483647;
			files = (
			);
			runOnlyForDeploymentPostprocessing = 0;
		};
/* End PBXFrameworksBuildPhase section */

/* Begin PBXGroup section */
		5C5FDA082C1C3D41003DB45F /* UserProfile */ = {
			isa = PBXGroup;
			children = (
				5C5FDA092C1C3D54003DB45F /* Business */,
			);
			path = UserProfile;
			sourceTree = "<group>";
		};
		5C5FDA092C1C3D54003DB45F /* Business */ = {
			isa = PBXGroup;
			children = (
				5C5FDA0A2C1C3D6A003DB45F /* UserProfile.swift */,
			);
			path = Business;
			sourceTree = "<group>";
		};
		5CB11DA92C19BCF500F033BF = {
			isa = PBXGroup;
			children = (
				5CB11DB42C19BCF500F033BF /* Strategy-SwiftUI */,
				5CB11DB32C19BCF500F033BF /* Products */,
			);
			sourceTree = "<group>";
		};
		5CB11DB32C19BCF500F033BF /* Products */ = {
			isa = PBXGroup;
			children = (
				5CB11DB22C19BCF500F033BF /* Strategy-SwiftUI.app */,
			);
			name = Products;
			sourceTree = "<group>";
		};
		5CB11DB42C19BCF500F033BF /* Strategy-SwiftUI */ = {
			isa = PBXGroup;
			children = (
				5CB11DB52C19BCF500F033BF /* Strategy_SwiftUIApp.swift */,
				5CB11DB72C19BCF500F033BF /* ContentView.swift */,
				5C5FDA062C1C12B4003DB45F /* Item.swift */,
				5CB11DC42C1A94E000F033BF /* Payment */,
				5CB11DCD2C1A989000F033BF /* PaymentServices */,
				5C5FDA082C1C3D41003DB45F /* UserProfile */,
				5CB11DB92C19BCF800F033BF /* Assets.xcassets */,
				5CB11DBB2C19BCF800F033BF /* Strategy_SwiftUI.entitlements */,
				5CB11DBC2C19BCF800F033BF /* Preview Content */,
			);
			path = "Strategy-SwiftUI";
			sourceTree = "<group>";
		};
		5CB11DBC2C19BCF800F033BF /* Preview Content */ = {
			isa = PBXGroup;
			children = (
				5CB11DBD2C19BCF800F033BF /* Preview Assets.xcassets */,
			);
			path = "Preview Content";
			sourceTree = "<group>";
		};
		5CB11DC42C1A94E000F033BF /* Payment */ = {
			isa = PBXGroup;
			children = (
				5CB11DC72C1A950600F033BF /* UI */,
				5CB11DCA2C1A951D00F033BF /* Business */,
			);
			path = Payment;
			sourceTree = "<group>";
		};
		5CB11DC72C1A950600F033BF /* UI */ = {
			isa = PBXGroup;
			children = (
				5CB11DC52C1A94FC00F033BF /* PaymentOptionsView.swift */,
				5CB11DC82C1A951700F033BF /* PaymentOptionsState.swift */,
				5C5FDA042C1C128A003DB45F /* PaymentConfirmationView.swift */,
				5C5FDA0D2C1C5425003DB45F /* PaymentConfirmationState.swift */,
			);
			path = UI;
			sourceTree = "<group>";
		};
		5CB11DCA2C1A951D00F033BF /* Business */ = {
			isa = PBXGroup;
			children = (
				5CB11DCB2C1A954400F033BF /* PaymentBusiness.swift */,
			);
			path = Business;
			sourceTree = "<group>";
		};
		5CB11DCD2C1A989000F033BF /* PaymentServices */ = {
			isa = PBXGroup;
			children = (
				5C5FDA022C1BF8A4003DB45F /* PaymentService.swift */,
				5CB11DCE2C1A98A400F033BF /* UPI */,
				5CB11DCF2C1A98AA00F033BF /* NetBanking */,
				5CB11DD02C1A98B700F033BF /* ApplePay */,
			);
			path = PaymentServices;
			sourceTree = "<group>";
		};
		5CB11DCE2C1A98A400F033BF /* UPI */ = {
			isa = PBXGroup;
			children = (
				5CB11DD12C1A98D500F033BF /* UPIPaymentService.swift */,
			);
			path = UPI;
			sourceTree = "<group>";
		};
		5CB11DCF2C1A98AA00F033BF /* NetBanking */ = {
			isa = PBXGroup;
			children = (
				5CB11DD32C1A98EB00F033BF /* NetBankingPaymentService.swift */,
			);
			path = NetBanking;
			sourceTree = "<group>";
		};
		5CB11DD02C1A98B700F033BF /* ApplePay */ = {
			isa = PBXGroup;
			children = (
				5CB11DD52C1A98FD00F033BF /* ApplePayPaymentService.swift */,
			);
			path = ApplePay;
			sourceTree = "<group>";
		};
/* End PBXGroup section */

/* Begin PBXNativeTarget section */
		5CB11DB12C19BCF500F033BF /* Strategy-SwiftUI */ = {
			isa = PBXNativeTarget;
			buildConfigurationList = 5CB11DC12C19BCF800F033BF /* Build configuration list for PBXNativeTarget "Strategy-SwiftUI" */;
			buildPhases = (
				5CB11DAE2C19BCF500F033BF /* Sources */,
				5CB11DAF2C19BCF500F033BF /* Frameworks */,
				5CB11DB02C19BCF500F033BF /* Resources */,
			);
			buildRules = (
			);
			dependencies = (
			);
			name = "Strategy-SwiftUI";
			productName = "Strategy-SwiftUI";
			productReference = 5CB11DB22C19BCF500F033BF /* Strategy-SwiftUI.app */;
			productType = "com.apple.product-type.application";
		};
/* End PBXNativeTarget section */

/* Begin PBXProject section */
		5CB11DAA2C19BCF500F033BF /* Project object */ = {
			isa = PBXProject;
			attributes = {
				BuildIndependentTargetsInParallel = 1;
				LastSwiftUpdateCheck = 1520;
				LastUpgradeCheck = 1520;
				TargetAttributes = {
					5CB11DB12C19BCF500F033BF = {
						CreatedOnToolsVersion = 15.2;
					};
				};
			};
			buildConfigurationList = 5CB11DAD2C19BCF500F033BF /* Build configuration list for PBXProject "Strategy-SwiftUI" */;
			compatibilityVersion = "Xcode 14.0";
			developmentRegion = en;
			hasScannedForEncodings = 0;
			knownRegions = (
				en,
				Base,
			);
			mainGroup = 5CB11DA92C19BCF500F033BF;
			productRefGroup = 5CB11DB32C19BCF500F033BF /* Products */;
			projectDirPath = "";
			projectRoot = "";
			targets = (
				5CB11DB12C19BCF500F033BF /* Strategy-SwiftUI */,
			);
		};
/* End PBXProject section */

/* Begin PBXResourcesBuildPhase section */
		5CB11DB02C19BCF500F033BF /* Resources */ = {
			isa = PBXResourcesBuildPhase;
			buildActionMask = 2147483647;
			files = (
				5CB11DBE2C19BCF800F033BF /* Preview Assets.xcassets in Resources */,
				5CB11DBA2C19BCF800F033BF /* Assets.xcassets in Resources */,
			);
			runOnlyForDeploymentPostprocessing = 0;
		};
/* End PBXResourcesBuildPhase section */

/* Begin PBXSourcesBuildPhase section */
		5CB11DAE2C19BCF500F033BF /* Sources */ = {
			isa = PBXSourcesBuildPhase;
			buildActionMask = 2147483647;
			files = (
				5CB11DD42C1A98EB00F033BF /* NetBankingPaymentService.swift in Sources */,
				5CB11DB82C19BCF500F033BF /* ContentView.swift in Sources */,
				5C5FDA052C1C128A003DB45F /* PaymentConfirmationView.swift in Sources */,
				5CB11DD62C1A98FD00F033BF /* ApplePayPaymentService.swift in Sources */,
				5CB11DB62C19BCF500F033BF /* Strategy_SwiftUIApp.swift in Sources */,
				5CB11DC62C1A94FC00F033BF /* PaymentOptionsView.swift in Sources */,
				5C5FDA072C1C12B4003DB45F /* Item.swift in Sources */,
				5CB11DC92C1A951700F033BF /* PaymentOptionsState.swift in Sources */,
				5C5FDA0B2C1C3D6A003DB45F /* UserProfile.swift in Sources */,
				5CB11DCC2C1A954400F033BF /* PaymentBusiness.swift in Sources */,
				5C5FDA032C1BF8A4003DB45F /* PaymentService.swift in Sources */,
				5CB11DD22C1A98D500F033BF /* UPIPaymentService.swift in Sources */,
				5C5FDA0E2C1C5425003DB45F /* PaymentConfirmationState.swift in Sources */,
			);
			runOnlyForDeploymentPostprocessing = 0;
		};
/* End PBXSourcesBuildPhase section */

/* Begin XCBuildConfiguration section */
		5CB11DBF2C19BCF800F033BF /* Debug */ = {
			isa = XCBuildConfiguration;
			buildSettings = {
				ALWAYS_SEARCH_USER_PATHS = NO;
				ASSETCATALOG_COMPILER_GENERATE_SWIFT_ASSET_SYMBOL_EXTENSIONS = YES;
				CLANG_ANALYZER_NONNULL = YES;
				CLANG_ANALYZER_NUMBER_OBJECT_CONVERSION = YES_AGGRESSIVE;
				CLANG_CXX_LANGUAGE_STANDARD = "gnu++20";
				CLANG_ENABLE_MODULES = YES;
				CLANG_ENABLE_OBJC_ARC = YES;
				CLANG_ENABLE_OBJC_WEAK = YES;
				CLANG_WARN_BLOCK_CAPTURE_AUTORELEASING = YES;
				CLANG_WARN_BOOL_CONVERSION = YES;
				CLANG_WARN_COMMA = YES;
				CLANG_WARN_CONSTANT_CONVERSION = YES;
				CLANG_WARN_DEPRECATED_OBJC_IMPLEMENTATIONS = YES;
				CLANG_WARN_DIRECT_OBJC_ISA_USAGE = YES_ERROR;
				CLANG_WARN_DOCUMENTATION_COMMENTS = YES;
				CLANG_WARN_EMPTY_BODY = YES;
				CLANG_WARN_ENUM_CONVERSION = YES;
				CLANG_WARN_INFINITE_RECURSION = YES;
				CLANG_WARN_INT_CONVERSION = YES;
				CLANG_WARN_NON_LITERAL_NULL_CONVERSION = YES;
				CLANG_WARN_OBJC_IMPLICIT_RETAIN_SELF = YES;
				CLANG_WARN_OBJC_LITERAL_CONVERSION = YES;
				CLANG_WARN_OBJC_ROOT_CLASS = YES_ERROR;
				CLANG_WARN_QUOTED_INCLUDE_IN_FRAMEWORK_HEADER = YES;
				CLANG_WARN_RANGE_LOOP_ANALYSIS = YES;
				CLANG_WARN_STRICT_PROTOTYPES = YES;
				CLANG_WARN_SUSPICIOUS_MOVE = YES;
				CLANG_WARN_UNGUARDED_AVAILABILITY = YES_AGGRESSIVE;
				CLANG_WARN_UNREACHABLE_CODE = YES;
				CLANG_WARN__DUPLICATE_METHOD_MATCH = YES;
				COPY_PHASE_STRIP = NO;
				DEBUG_INFORMATION_FORMAT = dwarf;
				ENABLE_STRICT_OBJC_MSGSEND = YES;
				ENABLE_TESTABILITY = YES;
				ENABLE_USER_SCRIPT_SANDBOXING = YES;
				GCC_C_LANGUAGE_STANDARD = gnu17;
				GCC_DYNAMIC_NO_PIC = NO;
				GCC_NO_COMMON_BLOCKS = YES;
				GCC_OPTIMIZATION_LEVEL = 0;
				GCC_PREPROCESSOR_DEFINITIONS = (
					"DEBUG=1",
					"$(inherited)",
				);
				GCC_WARN_64_TO_32_BIT_CONVERSION = YES;
				GCC_WARN_ABOUT_RETURN_TYPE = YES_ERROR;
				GCC_WARN_UNDECLARED_SELECTOR = YES;
				GCC_WARN_UNINITIALIZED_AUTOS = YES_AGGRESSIVE;
				GCC_WARN_UNUSED_FUNCTION = YES;
				GCC_WARN_UNUSED_VARIABLE = YES;
				LOCALIZATION_PREFERS_STRING_CATALOGS = YES;
				MTL_ENABLE_DEBUG_INFO = INCLUDE_SOURCE;
				MTL_FAST_MATH = YES;
				ONLY_ACTIVE_ARCH = YES;
				SWIFT_ACTIVE_COMPILATION_CONDITIONS = "DEBUG $(inherited)";
				SWIFT_OPTIMIZATION_LEVEL = "-Onone";
			};
			name = Debug;
		};
		5CB11DC02C19BCF800F033BF /* Release */ = {
			isa = XCBuildConfiguration;
			buildSettings = {
				ALWAYS_SEARCH_USER_PATHS = NO;
				ASSETCATALOG_COMPILER_GENERATE_SWIFT_ASSET_SYMBOL_EXTENSIONS = YES;
				CLANG_ANALYZER_NONNULL = YES;
				CLANG_ANALYZER_NUMBER_OBJECT_CONVERSION = YES_AGGRESSIVE;
				CLANG_CXX_LANGUAGE_STANDARD = "gnu++20";
				CLANG_ENABLE_MODULES = YES;
				CLANG_ENABLE_OBJC_ARC = YES;
				CLANG_ENABLE_OBJC_WEAK = YES;
				CLANG_WARN_BLOCK_CAPTURE_AUTORELEASING = YES;
				CLANG_WARN_BOOL_CONVERSION = YES;
				CLANG_WARN_COMMA = YES;
				CLANG_WARN_CONSTANT_CONVERSION = YES;
				CLANG_WARN_DEPRECATED_OBJC_IMPLEMENTATIONS = YES;
				CLANG_WARN_DIRECT_OBJC_ISA_USAGE = YES_ERROR;
				CLANG_WARN_DOCUMENTATION_COMMENTS = YES;
				CLANG_WARN_EMPTY_BODY = YES;
				CLANG_WARN_ENUM_CONVERSION = YES;
				CLANG_WARN_INFINITE_RECURSION = YES;
				CLANG_WARN_INT_CONVERSION = YES;
				CLANG_WARN_NON_LITERAL_NULL_CONVERSION = YES;
				CLANG_WARN_OBJC_IMPLICIT_RETAIN_SELF = YES;
				CLANG_WARN_OBJC_LITERAL_CONVERSION = YES;
				CLANG_WARN_OBJC_ROOT_CLASS = YES_ERROR;
				CLANG_WARN_QUOTED_INCLUDE_IN_FRAMEWORK_HEADER = YES;
				CLANG_WARN_RANGE_LOOP_ANALYSIS = YES;
				CLANG_WARN_STRICT_PROTOTYPES = YES;
				CLANG_WARN_SUSPICIOUS_MOVE = YES;
				CLANG_WARN_UNGUARDED_AVAILABILITY = YES_AGGRESSIVE;
				CLANG_WARN_UNREACHABLE_CODE = YES;
				CLANG_WARN__DUPLICATE_METHOD_MATCH = YES;
				COPY_PHASE_STRIP = NO;
				DEBUG_INFORMATION_FORMAT = "dwarf-with-dsym";
				ENABLE_NS_ASSERTIONS = NO;
				ENABLE_STRICT_OBJC_MSGSEND = YES;
				ENABLE_USER_SCRIPT_SANDBOXING = YES;
				GCC_C_LANGUAGE_STANDARD = gnu17;
				GCC_NO_COMMON_BLOCKS = YES;
				GCC_WARN_64_TO_32_BIT_CONVERSION = YES;
				GCC_WARN_ABOUT_RETURN_TYPE = YES_ERROR;
				GCC_WARN_UNDECLARED_SELECTOR = YES;
				GCC_WARN_UNINITIALIZED_AUTOS = YES_AGGRESSIVE;
				GCC_WARN_UNUSED_FUNCTION = YES;
				GCC_WARN_UNUSED_VARIABLE = YES;
				LOCALIZATION_PREFERS_STRING_CATALOGS = YES;
				MTL_ENABLE_DEBUG_INFO = NO;
				MTL_FAST_MATH = YES;
				SWIFT_COMPILATION_MODE = wholemodule;
			};
			name = Release;
		};
		5CB11DC22C19BCF800F033BF /* Debug */ = {
			isa = XCBuildConfiguration;
			buildSettings = {
				ASSETCATALOG_COMPILER_APPICON_NAME = AppIcon;
				ASSETCATALOG_COMPILER_GLOBAL_ACCENT_COLOR_NAME = AccentColor;
				CODE_SIGN_ENTITLEMENTS = "Strategy-SwiftUI/Strategy_SwiftUI.entitlements";
				CODE_SIGN_STYLE = Automatic;
				CURRENT_PROJECT_VERSION = 1;
				DEVELOPMENT_ASSET_PATHS = "\"Strategy-SwiftUI/Preview Content\"";
				DEVELOPMENT_TEAM = Z5MSV52AV7;
				ENABLE_HARDENED_RUNTIME = YES;
				ENABLE_PREVIEWS = YES;
				GENERATE_INFOPLIST_FILE = YES;
				"INFOPLIST_KEY_UIApplicationSceneManifest_Generation[sdk=iphoneos*]" = YES;
				"INFOPLIST_KEY_UIApplicationSceneManifest_Generation[sdk=iphonesimulator*]" = YES;
				"INFOPLIST_KEY_UIApplicationSupportsIndirectInputEvents[sdk=iphoneos*]" = YES;
				"INFOPLIST_KEY_UIApplicationSupportsIndirectInputEvents[sdk=iphonesimulator*]" = YES;
				"INFOPLIST_KEY_UILaunchScreen_Generation[sdk=iphoneos*]" = YES;
				"INFOPLIST_KEY_UILaunchScreen_Generation[sdk=iphonesimulator*]" = YES;
				"INFOPLIST_KEY_UIStatusBarStyle[sdk=iphoneos*]" = UIStatusBarStyleDefault;
				"INFOPLIST_KEY_UIStatusBarStyle[sdk=iphonesimulator*]" = UIStatusBarStyleDefault;
				INFOPLIST_KEY_UISupportedInterfaceOrientations_iPad = "UIInterfaceOrientationPortrait UIInterfaceOrientationPortraitUpsideDown UIInterfaceOrientationLandscapeLeft UIInterfaceOrientationLandscapeRight";
				INFOPLIST_KEY_UISupportedInterfaceOrientations_iPhone = "UIInterfaceOrientationPortrait UIInterfaceOrientationLandscapeLeft UIInterfaceOrientationLandscapeRight";
				IPHONEOS_DEPLOYMENT_TARGET = 17.2;
				LD_RUNPATH_SEARCH_PATHS = "@executable_path/Frameworks";
				"LD_RUNPATH_SEARCH_PATHS[sdk=macosx*]" = "@executable_path/../Frameworks";
				MACOSX_DEPLOYMENT_TARGET = 14.2;
				MARKETING_VERSION = 1.0;
				PRODUCT_BUNDLE_IDENTIFIER = "com.sarella.Strategy-SwiftUI";
				PRODUCT_NAME = "$(TARGET_NAME)";
				SDKROOT = auto;
				SUPPORTED_PLATFORMS = "iphoneos iphonesimulator macosx";
				SWIFT_EMIT_LOC_STRINGS = YES;
				SWIFT_VERSION = 5.0;
				TARGETED_DEVICE_FAMILY = "1,2";
			};
			name = Debug;
		};
		5CB11DC32C19BCF800F033BF /* Release */ = {
			isa = XCBuildConfiguration;
			buildSettings = {
				ASSETCATALOG_COMPILER_APPICON_NAME = AppIcon;
				ASSETCATALOG_COMPILER_GLOBAL_ACCENT_COLOR_NAME = AccentColor;
				CODE_SIGN_ENTITLEMENTS = "Strategy-SwiftUI/Strategy_SwiftUI.entitlements";
				CODE_SIGN_STYLE = Automatic;
				CURRENT_PROJECT_VERSION = 1;
				DEVELOPMENT_ASSET_PATHS = "\"Strategy-SwiftUI/Preview Content\"";
				DEVELOPMENT_TEAM = Z5MSV52AV7;
				ENABLE_HARDENED_RUNTIME = YES;
				ENABLE_PREVIEWS = YES;
				GENERATE_INFOPLIST_FILE = YES;
				"INFOPLIST_KEY_UIApplicationSceneManifest_Generation[sdk=iphoneos*]" = YES;
				"INFOPLIST_KEY_UIApplicationSceneManifest_Generation[sdk=iphonesimulator*]" = YES;
				"INFOPLIST_KEY_UIApplicationSupportsIndirectInputEvents[sdk=iphoneos*]" = YES;
				"INFOPLIST_KEY_UIApplicationSupportsIndirectInputEvents[sdk=iphonesimulator*]" = YES;
				"INFOPLIST_KEY_UILaunchScreen_Generation[sdk=iphoneos*]" = YES;
				"INFOPLIST_KEY_UILaunchScreen_Generation[sdk=iphonesimulator*]" = YES;
				"INFOPLIST_KEY_UIStatusBarStyle[sdk=iphoneos*]" = UIStatusBarStyleDefault;
				"INFOPLIST_KEY_UIStatusBarStyle[sdk=iphonesimulator*]" = UIStatusBarStyleDefault;
				INFOPLIST_KEY_UISupportedInterfaceOrientations_iPad = "UIInterfaceOrientationPortrait UIInterfaceOrientationPortraitUpsideDown UIInterfaceOrientationLandscapeLeft UIInterfaceOrientationLandscapeRight";
				INFOPLIST_KEY_UISupportedInterfaceOrientations_iPhone = "UIInterfaceOrientationPortrait UIInterfaceOrientationLandscapeLeft UIInterfaceOrientationLandscapeRight";
				IPHONEOS_DEPLOYMENT_TARGET = 17.2;
				LD_RUNPATH_SEARCH_PATHS = "@executable_path/Frameworks";
				"LD_RUNPATH_SEARCH_PATHS[sdk=macosx*]" = "@executable_path/../Frameworks";
				MACOSX_DEPLOYMENT_TARGET = 14.2;
				MARKETING_VERSION = 1.0;
				PRODUCT_BUNDLE_IDENTIFIER = "com.sarella.Strategy-SwiftUI";
				PRODUCT_NAME = "$(TARGET_NAME)";
				SDKROOT = auto;
				SUPPORTED_PLATFORMS = "iphoneos iphonesimulator macosx";
				SWIFT_EMIT_LOC_STRINGS = YES;
				SWIFT_VERSION = 5.0;
				TARGETED_DEVICE_FAMILY = "1,2";
			};
			name = Release;
		};
/* End XCBuildConfiguration section */

/* Begin XCConfigurationList section */
		5CB11DAD2C19BCF500F033BF /* Build configuration list for PBXProject "Strategy-SwiftUI" */ = {
			isa = XCConfigurationList;
			buildConfigurations = (
				5CB11DBF2C19BCF800F033BF /* Debug */,
				5CB11DC02C19BCF800F033BF /* Release */,
			);
			defaultConfigurationIsVisible = 0;
			defaultConfigurationName = Release;
		};
		5CB11DC12C19BCF800F033BF /* Build configuration list for PBXNativeTarget "Strategy-SwiftUI" */ = {
			isa = XCConfigurationList;
			buildConfigurations = (
				5CB11DC22C19BCF800F033BF /* Debug */,
				5CB11DC32C19BCF800F033BF /* Release */,
			);
			defaultConfigurationIsVisible = 0;
			defaultConfigurationName = Release;
		};
/* End XCConfigurationList section */
	};
	rootObject = 5CB11DAA2C19BCF500F033BF /* Project object */;
}
